// !$*UTF8*$!
{
	archiveVersion = 1;
	classes = {
	};
	objectVersion = 77;
	objects = {

/* Begin PBXBuildFile section */
		837A24C82F22193B002DB9D7 /* FirebaseAI in Frameworks */ = {isa = PBXBuildFile; productRef = 837A24C72F22193B002DB9D7 /* FirebaseAI */; };
		837A24CA2F22193B002DB9D7 /* FirebaseAILogic in Frameworks */ = {isa = PBXBuildFile; productRef = 837A24C92F22193B002DB9D7 /* FirebaseAILogic */; };
		837A24CC2F22193B002DB9D7 /* FirebaseAnalytics in Frameworks */ = {isa = PBXBuildFile; productRef = 837A24CB2F22193B002DB9D7 /* FirebaseAnalytics */; };
		837A24CE2F22193B002DB9D7 /* FirebaseAnalyticsCore in Frameworks */ = {isa = PBXBuildFile; productRef = 837A24CD2F22193B002DB9D7 /* FirebaseAnalyticsCore */; };
		837A24D02F22193B002DB9D7 /* FirebaseAnalyticsIdentitySupport in Frameworks */ = {isa = PBXBuildFile; productRef = 837A24CF2F22193B002DB9D7 /* FirebaseAnalyticsIdentitySupport */; };
		837A24D22F22193B002DB9D7 /* FirebaseAppCheck in Frameworks */ = {isa = PBXBuildFile; productRef = 837A24D12F22193B002DB9D7 /* FirebaseAppCheck */; };
		837A24D42F22193B002DB9D7 /* FirebaseAppDistribution-Beta in Frameworks */ = {isa = PBXBuildFile; productRef = 837A24D32F22193B002DB9D7 /* FirebaseAppDistribution-Beta */; };
		837A24D62F22193B002DB9D7 /* FirebaseAuth in Frameworks */ = {isa = PBXBuildFile; productRef = 837A24D52F22193B002DB9D7 /* FirebaseAuth */; };
		837A24D82F22193B002DB9D7 /* FirebaseAuthCombine-Community in Frameworks */ = {isa = PBXBuildFile; productRef = 837A24D72F22193B002DB9D7 /* FirebaseAuthCombine-Community */; };
		837A24DA2F22193B002DB9D7 /* FirebaseCore in Frameworks */ = {isa = PBXBuildFile; productRef = 837A24D92F22193B002DB9D7 /* FirebaseCore */; };
		837A24DC2F22193B002DB9D7 /* FirebaseCrashlytics in Frameworks */ = {isa = PBXBuildFile; productRef = 837A24DB2F22193B002DB9D7 /* FirebaseCrashlytics */; };
		837A24DE2F22193B002DB9D7 /* FirebaseDatabase in Frameworks */ = {isa = PBXBuildFile; productRef = 837A24DD2F22193B002DB9D7 /* FirebaseDatabase */; };
		837A24E02F22193B002DB9D7 /* FirebaseFirestore in Frameworks */ = {isa = PBXBuildFile; productRef = 837A24DF2F22193B002DB9D7 /* FirebaseFirestore */; };
		837A24E22F22193B002DB9D7 /* FirebaseFirestoreCombine-Community in Frameworks */ = {isa = PBXBuildFile; productRef = 837A24E12F22193B002DB9D7 /* FirebaseFirestoreCombine-Community */; };
		837A24E42F22193B002DB9D7 /* FirebaseFunctions in Frameworks */ = {isa = PBXBuildFile; productRef = 837A24E32F22193B002DB9D7 /* FirebaseFunctions */; };
		837A24E62F22193B002DB9D7 /* FirebaseFunctionsCombine-Community in Frameworks */ = {isa = PBXBuildFile; productRef = 837A24E52F22193B002DB9D7 /* FirebaseFunctionsCombine-Community */; };
		837A24E82F22193B002DB9D7 /* FirebaseInAppMessaging-Beta in Frameworks */ = {isa = PBXBuildFile; productRef = 837A24E72F22193B002DB9D7 /* FirebaseInAppMessaging-Beta */; };
		837A24EA2F22193B002DB9D7 /* FirebaseInstallations in Frameworks */ = {isa = PBXBuildFile; productRef = 837A24E92F22193B002DB9D7 /* FirebaseInstallations */; };
		837A24EC2F22193B002DB9D7 /* FirebaseMLModelDownloader in Frameworks */ = {isa = PBXBuildFile; productRef = 837A24EB2F22193B002DB9D7 /* FirebaseMLModelDownloader */; };
		837A24EE2F22193B002DB9D7 /* FirebaseMessaging in Frameworks */ = {isa = PBXBuildFile; productRef = 837A24ED2F22193B002DB9D7 /* FirebaseMessaging */; };
		837A24F02F22193B002DB9D7 /* FirebasePerformance in Frameworks */ = {isa = PBXBuildFile; productRef = 837A24EF2F22193B002DB9D7 /* FirebasePerformance */; };
		837A24F22F22193B002DB9D7 /* FirebaseRemoteConfig in Frameworks */ = {isa = PBXBuildFile; productRef = 837A24F12F22193B002DB9D7 /* FirebaseRemoteConfig */; };
		837A24F42F22193B002DB9D7 /* FirebaseStorage in Frameworks */ = {isa = PBXBuildFile; productRef = 837A24F32F22193B002DB9D7 /* FirebaseStorage */; };
		837A24F62F22193B002DB9D7 /* FirebaseStorageCombine-Community in Frameworks */ = {isa = PBXBuildFile; productRef = 837A24F52F22193B002DB9D7 /* FirebaseStorageCombine-Community */; };
		837A24F92F221950002DB9D7 /* FSCalendar in Frameworks */ = {isa = PBXBuildFile; productRef = 837A24F82F221950002DB9D7 /* FSCalendar */; };
/* End PBXBuildFile section */

/* Begin PBXFileReference section */
		1F3E6FC227E4F4223F9D131E /* libPods-HR.a */ = {isa = PBXFileReference; explicitFileType = archive.ar; includeInIndex = 0; path = "libPods-HR.a"; sourceTree = BUILT_PRODUCTS_DIR; };
		836AF33D2F220AD400BCECCB /* SwiftGifOrigin.framework */ = {isa = PBXFileReference; explicitFileType = wrapper.framework; path = SwiftGifOrigin.framework; sourceTree = BUILT_PRODUCTS_DIR; };
		836AF33F2F220ADA00BCECCB /* FSCalendar.framework */ = {isa = PBXFileReference; explicitFileType = wrapper.framework; path = FSCalendar.framework; sourceTree = BUILT_PRODUCTS_DIR; };
		836AF3412F220ADF00BCECCB /* SDWebImage.framework */ = {isa = PBXFileReference; explicitFileType = wrapper.framework; path = SDWebImage.framework; sourceTree = BUILT_PRODUCTS_DIR; };
		839DAD4B2E44AC2500FA59BD /* HR.app */ = {isa = PBXFileReference; explicitFileType = wrapper.application; includeInIndex = 0; path = HR.app; sourceTree = BUILT_PRODUCTS_DIR; };
		83DDE1F12F2215AF000AF78E /* libFSCalendar.a */ = {isa = PBXFileReference; explicitFileType = archive.ar; path = libFSCalendar.a; sourceTree = BUILT_PRODUCTS_DIR; };
		83DDE1F32F2215B6000AF78E /* libSwiftGifOrigin.a */ = {isa = PBXFileReference; explicitFileType = archive.ar; path = libSwiftGifOrigin.a; sourceTree = BUILT_PRODUCTS_DIR; };
		BC9CD30F2171BCE2F736A11F /* Pods-HR.release.xcconfig */ = {isa = PBXFileReference; includeInIndex = 1; lastKnownFileType = text.xcconfig; name = "Pods-HR.release.xcconfig"; path = "Target Support Files/Pods-HR/Pods-HR.release.xcconfig"; sourceTree = "<group>"; };
		CF47CBE3B1152E0E9465144E /* Pods-HR.debug.xcconfig */ = {isa = PBXFileReference; includeInIndex = 1; lastKnownFileType = text.xcconfig; name = "Pods-HR.debug.xcconfig"; path = "Target Support Files/Pods-HR/Pods-HR.debug.xcconfig"; sourceTree = "<group>"; };
/* End PBXFileReference section */

/* Begin PBXFileSystemSynchronizedBuildFileExceptionSet section */
		839DAD5D2E44AC2600FA59BD /* Exceptions for "HR" folder in "HR" target */ = {
			isa = PBXFileSystemSynchronizedBuildFileExceptionSet;
			membershipExceptions = (
				Info.plist,
			);
			target = 839DAD4A2E44AC2500FA59BD /* HR */;
		};
/* End PBXFileSystemSynchronizedBuildFileExceptionSet section */

/* Begin PBXFileSystemSynchronizedRootGroup section */
		839DAD4D2E44AC2500FA59BD /* HR */ = {
			isa = PBXFileSystemSynchronizedRootGroup;
			exceptions = (
				839DAD5D2E44AC2600FA59BD /* Exceptions for "HR" folder in "HR" target */,
			);
			path = HR;
			sourceTree = "<group>";
		};
/* End PBXFileSystemSynchronizedRootGroup section */

/* Begin PBXFrameworksBuildPhase section */
		839DAD482E44AC2500FA59BD /* Frameworks */ = {
			isa = PBXFrameworksBuildPhase;
			buildActionMask = 2147483647;
			files = (
				837A24D42F22193B002DB9D7 /* FirebaseAppDistribution-Beta in Frameworks */,
				837A24E02F22193B002DB9D7 /* FirebaseFirestore in Frameworks */,
				837A24D82F22193B002DB9D7 /* FirebaseAuthCombine-Community in Frameworks */,
				837A24EA2F22193B002DB9D7 /* FirebaseInstallations in Frameworks */,
				837A24CA2F22193B002DB9D7 /* FirebaseAILogic in Frameworks */,
				837A24D02F22193B002DB9D7 /* FirebaseAnalyticsIdentitySupport in Frameworks */,
				837A24E82F22193B002DB9D7 /* FirebaseInAppMessaging-Beta in Frameworks */,
				837A24C82F22193B002DB9D7 /* FirebaseAI in Frameworks */,
				837A24F92F221950002DB9D7 /* FSCalendar in Frameworks */,
				837A24DC2F22193B002DB9D7 /* FirebaseCrashlytics in Frameworks */,
				837A24E62F22193B002DB9D7 /* FirebaseFunctionsCombine-Community in Frameworks */,
				837A24F62F22193B002DB9D7 /* FirebaseStorageCombine-Community in Frameworks */,
				837A24DE2F22193B002DB9D7 /* FirebaseDatabase in Frameworks */,
				837A24F42F22193B002DB9D7 /* FirebaseStorage in Frameworks */,
				837A24F22F22193B002DB9D7 /* FirebaseRemoteConfig in Frameworks */,
				837A24CC2F22193B002DB9D7 /* FirebaseAnalytics in Frameworks */,
				837A24EE2F22193B002DB9D7 /* FirebaseMessaging in Frameworks */,
				837A24EC2F22193B002DB9D7 /* FirebaseMLModelDownloader in Frameworks */,
				837A24F02F22193B002DB9D7 /* FirebasePerformance in Frameworks */,
				837A24DA2F22193B002DB9D7 /* FirebaseCore in Frameworks */,
				837A24D22F22193B002DB9D7 /* FirebaseAppCheck in Frameworks */,
				837A24CE2F22193B002DB9D7 /* FirebaseAnalyticsCore in Frameworks */,
				837A24E42F22193B002DB9D7 /* FirebaseFunctions in Frameworks */,
				837A24D62F22193B002DB9D7 /* FirebaseAuth in Frameworks */,
				837A24E22F22193B002DB9D7 /* FirebaseFirestoreCombine-Community in Frameworks */,
			);
			runOnlyForDeploymentPostprocessing = 0;
		};
/* End PBXFrameworksBuildPhase section */

/* Begin PBXGroup section */
		528D212133801C65A0CAA57B /* Pods */ = {
			isa = PBXGroup;
			children = (
				CF47CBE3B1152E0E9465144E /* Pods-HR.debug.xcconfig */,
				BC9CD30F2171BCE2F736A11F /* Pods-HR.release.xcconfig */,
			);
			path = Pods;
			sourceTree = "<group>";
		};
		839DAD422E44AC2500FA59BD = {
			isa = PBXGroup;
			children = (
				839DAD4D2E44AC2500FA59BD /* HR */,
				839DAD4C2E44AC2500FA59BD /* Products */,
				528D212133801C65A0CAA57B /* Pods */,
				AC6107C6821D10F036A0F02B /* Frameworks */,
			);
			sourceTree = "<group>";
		};
		839DAD4C2E44AC2500FA59BD /* Products */ = {
			isa = PBXGroup;
			children = (
				839DAD4B2E44AC2500FA59BD /* HR.app */,
			);
			name = Products;
			sourceTree = "<group>";
		};
		AC6107C6821D10F036A0F02B /* Frameworks */ = {
			isa = PBXGroup;
			children = (
				83DDE1F32F2215B6000AF78E /* libSwiftGifOrigin.a */,
				83DDE1F12F2215AF000AF78E /* libFSCalendar.a */,
				836AF3412F220ADF00BCECCB /* SDWebImage.framework */,
				836AF33F2F220ADA00BCECCB /* FSCalendar.framework */,
				836AF33D2F220AD400BCECCB /* SwiftGifOrigin.framework */,
				1F3E6FC227E4F4223F9D131E /* libPods-HR.a */,
			);
			name = Frameworks;
			sourceTree = "<group>";
		};
/* End PBXGroup section */

/* Begin PBXNativeTarget section */
		839DAD4A2E44AC2500FA59BD /* HR */ = {
			isa = PBXNativeTarget;
			buildConfigurationList = 839DAD5E2E44AC2600FA59BD /* Build configuration list for PBXNativeTarget "HR" */;
			buildPhases = (
				A0187F5B32467D8B102FAF66 /* [CP] Check Pods Manifest.lock */,
				839DAD472E44AC2500FA59BD /* Sources */,
				839DAD482E44AC2500FA59BD /* Frameworks */,
				839DAD492E44AC2500FA59BD /* Resources */,
			);
			buildRules = (
			);
			dependencies = (
			);
			fileSystemSynchronizedGroups = (
				839DAD4D2E44AC2500FA59BD /* HR */,
			);
			name = HR;
			productName = HR;
			productReference = 839DAD4B2E44AC2500FA59BD /* HR.app */;
			productType = "com.apple.product-type.application";
		};
/* End PBXNativeTarget section */

/* Begin PBXProject section */
		839DAD432E44AC2500FA59BD /* Project object */ = {
			isa = PBXProject;
			attributes = {
				BuildIndependentTargetsInParallel = 1;
				LastSwiftUpdateCheck = 1620;
				LastUpgradeCheck = 1620;
				TargetAttributes = {
					839DAD4A2E44AC2500FA59BD = {
						CreatedOnToolsVersion = 16.2;
					};
				};
			};
			buildConfigurationList = 839DAD462E44AC2500FA59BD /* Build configuration list for PBXProject "HR" */;
			developmentRegion = en;
			hasScannedForEncodings = 0;
			knownRegions = (
				en,
				Base,
				ar,
			);
			mainGroup = 839DAD422E44AC2500FA59BD;
			minimizedProjectReferenceProxies = 1;
			packageReferences = (
				837A24C62F22193B002DB9D7 /* XCRemoteSwiftPackageReference "firebase-ios-sdk" */,
				837A24F72F221950002DB9D7 /* XCRemoteSwiftPackageReference "FSCalendar" */,
			);
			preferredProjectObjectVersion = 77;
			productRefGroup = 839DAD4C2E44AC2500FA59BD /* Products */;
			projectDirPath = "";
			projectRoot = "";
			targets = (
				839DAD4A2E44AC2500FA59BD /* HR */,
			);
		};
/* End PBXProject section */

/* Begin PBXResourcesBuildPhase section */
		839DAD492E44AC2500FA59BD /* Resources */ = {
			isa = PBXResourcesBuildPhase;
			buildActionMask = 2147483647;
			files = (
			);
			runOnlyForDeploymentPostprocessing = 0;
		};
/* End PBXResourcesBuildPhase section */

/* Begin PBXShellScriptBuildPhase section */
		A0187F5B32467D8B102FAF66 /* [CP] Check Pods Manifest.lock */ = {
			isa = PBXShellScriptBuildPhase;
			buildActionMask = 2147483647;
			files = (
			);
			inputFileListPaths = (
			);
			inputPaths = (
				"${PODS_PODFILE_DIR_PATH}/Podfile.lock",
				"${PODS_ROOT}/Manifest.lock",
			);
			name = "[CP] Check Pods Manifest.lock";
			outputFileListPaths = (
			);
			outputPaths = (
				"$(DERIVED_FILE_DIR)/Pods-HR-checkManifestLockResult.txt",
			);
			runOnlyForDeploymentPostprocessing = 0;
			shellPath = /bin/sh;
			shellScript = "diff \"${PODS_PODFILE_DIR_PATH}/Podfile.lock\" \"${PODS_ROOT}/Manifest.lock\" > /dev/null\nif [ $? != 0 ] ; then\n    # print error to STDERR\n    echo \"error: The sandbox is not in sync with the Podfile.lock. Run 'pod install' or update your CocoaPods installation.\" >&2\n    exit 1\nfi\n# This output is used by Xcode 'outputs' to avoid re-running this script phase.\necho \"SUCCESS\" > \"${SCRIPT_OUTPUT_FILE_0}\"\n";
			showEnvVarsInLog = 0;
		};
/* End PBXShellScriptBuildPhase section */

/* Begin PBXSourcesBuildPhase section */
		839DAD472E44AC2500FA59BD /* Sources */ = {
			isa = PBXSourcesBuildPhase;
			buildActionMask = 2147483647;
			files = (
			);
			runOnlyForDeploymentPostprocessing = 0;
		};
/* End PBXSourcesBuildPhase section */

/* Begin XCBuildConfiguration section */
		839DAD5F2E44AC2600FA59BD /* Debug */ = {
			isa = XCBuildConfiguration;
			baseConfigurationReference = CF47CBE3B1152E0E9465144E /* Pods-HR.debug.xcconfig */;
			buildSettings = {
				ASSETCATALOG_COMPILER_APPICON_NAME = AppIcon;
				ASSETCATALOG_COMPILER_GLOBAL_ACCENT_COLOR_NAME = AccentColor;
				CODE_SIGN_ENTITLEMENTS = HR/HR.entitlements;
				CODE_SIGN_IDENTITY = "Apple Development";
				CODE_SIGN_STYLE = Automatic;
				CURRENT_PROJECT_VERSION = 6;
				DEVELOPMENT_TEAM = 524P497MGB;
				GENERATE_INFOPLIST_FILE = YES;
				INFOPLIST_FILE = HR/Info.plist;
				INFOPLIST_KEY_CFBundleDisplayName = "Inspire HR";
				INFOPLIST_KEY_LSSupportsOpeningDocumentsInPlace = YES;
				INFOPLIST_KEY_NSCameraUsageDescription = "This app requires access to your camera to capture photos for attendance verification.";
				INFOPLIST_KEY_NSFaceIDUsageDescription = "We use Face ID / Touch ID to quickly and securely log you in.";
				INFOPLIST_KEY_NSLocationAlwaysAndWhenInUseUsageDescription = "We need your location to record check-in and check-out.";
				INFOPLIST_KEY_NSLocationWhenInUseUsageDescription = "We need your location to record check-in and check-out.";
				INFOPLIST_KEY_NSPhotoLibraryUsageDescription = "This app requires access to your photo library to select and upload profile pictures or attachments.";
				INFOPLIST_KEY_UIApplicationSupportsIndirectInputEvents = YES;
				INFOPLIST_KEY_UILaunchStoryboardName = LaunchScreen;
				INFOPLIST_KEY_UIMainStoryboardFile = Main;
				INFOPLIST_KEY_UISupportedInterfaceOrientations_iPad = "UIInterfaceOrientationPortrait UIInterfaceOrientationPortraitUpsideDown UIInterfaceOrientationLandscapeLeft UIInterfaceOrientationLandscapeRight";
				INFOPLIST_KEY_UISupportedInterfaceOrientations_iPhone = "UIInterfaceOrientationPortrait UIInterfaceOrientationLandscapeLeft UIInterfaceOrientationLandscapeRight";
				IPHONEOS_DEPLOYMENT_TARGET = 15.6;
				LD_RUNPATH_SEARCH_PATHS = (
					"$(inherited)",
					"@executable_path/Frameworks",
				);
				MARKETING_VERSION = 1.6;
				PRODUCT_BUNDLE_IDENTIFIER = com.inspirehub.esterHR;
				PRODUCT_NAME = "$(TARGET_NAME)";
				PROVISIONING_PROFILE_SPECIFIER = "";
				SWIFT_EMIT_LOC_STRINGS = YES;
				SWIFT_VERSION = 5.0;
				TARGETED_DEVICE_FAMILY = "1,2";
			};
			name = Debug;
		};
		839DAD602E44AC2600FA59BD /* Release */ = {
			isa = XCBuildConfiguration;
			baseConfigurationReference = BC9CD30F2171BCE2F736A11F /* Pods-HR.release.xcconfig */;
			buildSettings = {
				ASSETCATALOG_COMPILER_APPICON_NAME = AppIcon;
				ASSETCATALOG_COMPILER_GLOBAL_ACCENT_COLOR_NAME = AccentColor;
				CODE_SIGN_ENTITLEMENTS = HR/HR.entitlements;
				CODE_SIGN_IDENTITY = "Apple Development";
				CODE_SIGN_STYLE = Automatic;
				CURRENT_PROJECT_VERSION = 6;
				DEVELOPMENT_TEAM = 524P497MGB;
				GENERATE_INFOPLIST_FILE = YES;
				INFOPLIST_FILE = HR/Info.plist;
				INFOPLIST_KEY_CFBundleDisplayName = "Inspire HR";
				INFOPLIST_KEY_LSSupportsOpeningDocumentsInPlace = YES;
				INFOPLIST_KEY_NSCameraUsageDescription = "This app requires access to your camera to capture photos for attendance verification.";
				INFOPLIST_KEY_NSFaceIDUsageDescription = "We use Face ID / Touch ID to quickly and securely log you in.";
				INFOPLIST_KEY_NSLocationAlwaysAndWhenInUseUsageDescription = "We need your location to record check-in and check-out.";
				INFOPLIST_KEY_NSLocationWhenInUseUsageDescription = "We need your location to record check-in and check-out.";
				INFOPLIST_KEY_NSPhotoLibraryUsageDescription = "This app requires access to your photo library to select and upload profile pictures or attachments.";
				INFOPLIST_KEY_UIApplicationSupportsIndirectInputEvents = YES;
				INFOPLIST_KEY_UILaunchStoryboardName = LaunchScreen;
				INFOPLIST_KEY_UIMainStoryboardFile = Main;
				INFOPLIST_KEY_UISupportedInterfaceOrientations_iPad = "UIInterfaceOrientationPortrait UIInterfaceOrientationPortraitUpsideDown UIInterfaceOrientationLandscapeLeft UIInterfaceOrientationLandscapeRight";
				INFOPLIST_KEY_UISupportedInterfaceOrientations_iPhone = "UIInterfaceOrientationPortrait UIInterfaceOrientationLandscapeLeft UIInterfaceOrientationLandscapeRight";
				IPHONEOS_DEPLOYMENT_TARGET = 15.6;
				LD_RUNPATH_SEARCH_PATHS = (
					"$(inherited)",
					"@executable_path/Frameworks",
				);
				MARKETING_VERSION = 1.6;
				PRODUCT_BUNDLE_IDENTIFIER = com.inspirehub.esterHR;
				PRODUCT_NAME = "$(TARGET_NAME)";
				PROVISIONING_PROFILE_SPECIFIER = "";
				SWIFT_EMIT_LOC_STRINGS = YES;
				SWIFT_VERSION = 5.0;
				TARGETED_DEVICE_FAMILY = "1,2";
			};
			name = Release;
		};
		839DAD612E44AC2600FA59BD /* Debug */ = {
			isa = XCBuildConfiguration;
			buildSettings = {
				ALWAYS_SEARCH_USER_PATHS = NO;
				ASSETCATALOG_COMPILER_GENERATE_SWIFT_ASSET_SYMBOL_EXTENSIONS = YES;
				CLANG_ANALYZER_LOCALIZABILITY_NONLOCALIZED = YES;
				CLANG_ANALYZER_NONNULL = YES;
				CLANG_ANALYZER_NUMBER_OBJECT_CONVERSION = YES_AGGRESSIVE;
				CLANG_CXX_LANGUAGE_STANDARD = "gnu++20";
				CLANG_ENABLE_MODULES = YES;
				CLANG_ENABLE_OBJC_ARC = YES;
				CLANG_ENABLE_OBJC_WEAK = YES;
				CLANG_WARN_BLOCK_CAPTURE_AUTORELEASING = YES;
				CLANG_WARN_BOOL_CONVERSION = YES;
				CLANG_WARN_COMMA = YES;
				CLANG_WARN_CONSTANT_CONVERSION = YES;
				CLANG_WARN_DEPRECATED_OBJC_IMPLEMENTATIONS = YES;
				CLANG_WARN_DIRECT_OBJC_ISA_USAGE = YES_ERROR;
				CLANG_WARN_DOCUMENTATION_COMMENTS = YES;
				CLANG_WARN_EMPTY_BODY = YES;
				CLANG_WARN_ENUM_CONVERSION = YES;
				CLANG_WARN_INFINITE_RECURSION = YES;
				CLANG_WARN_INT_CONVERSION = YES;
				CLANG_WARN_NON_LITERAL_NULL_CONVERSION = YES;
				CLANG_WARN_OBJC_IMPLICIT_RETAIN_SELF = YES;
				CLANG_WARN_OBJC_LITERAL_CONVERSION = YES;
				CLANG_WARN_OBJC_ROOT_CLASS = YES_ERROR;
				CLANG_WARN_QUOTED_INCLUDE_IN_FRAMEWORK_HEADER = YES;
				CLANG_WARN_RANGE_LOOP_ANALYSIS = YES;
				CLANG_WARN_STRICT_PROTOTYPES = YES;
				CLANG_WARN_SUSPICIOUS_MOVE = YES;
				CLANG_WARN_UNGUARDED_AVAILABILITY = YES_AGGRESSIVE;
				CLANG_WARN_UNREACHABLE_CODE = YES;
				CLANG_WARN__DUPLICATE_METHOD_MATCH = YES;
				COPY_PHASE_STRIP = NO;
				DEBUG_INFORMATION_FORMAT = dwarf;
				ENABLE_STRICT_OBJC_MSGSEND = YES;
				ENABLE_TESTABILITY = YES;
				ENABLE_USER_SCRIPT_SANDBOXING = YES;
				GCC_C_LANGUAGE_STANDARD = gnu17;
				GCC_DYNAMIC_NO_PIC = NO;
				GCC_NO_COMMON_BLOCKS = YES;
				GCC_OPTIMIZATION_LEVEL = 0;
				GCC_PREPROCESSOR_DEFINITIONS = (
					"DEBUG=1",
					"$(inherited)",
				);
				GCC_WARN_64_TO_32_BIT_CONVERSION = YES;
				GCC_WARN_ABOUT_RETURN_TYPE = YES_ERROR;
				GCC_WARN_UNDECLARED_SELECTOR = YES;
				GCC_WARN_UNINITIALIZED_AUTOS = YES_AGGRESSIVE;
				GCC_WARN_UNUSED_FUNCTION = YES;
				GCC_WARN_UNUSED_VARIABLE = YES;
				IPHONEOS_DEPLOYMENT_TARGET = 18.2;
				LOCALIZATION_PREFERS_STRING_CATALOGS = YES;
				MTL_ENABLE_DEBUG_INFO = INCLUDE_SOURCE;
				MTL_FAST_MATH = YES;
				ONLY_ACTIVE_ARCH = YES;
				SDKROOT = iphoneos;
				SWIFT_ACTIVE_COMPILATION_CONDITIONS = "DEBUG $(inherited)";
				SWIFT_OPTIMIZATION_LEVEL = "-Onone";
			};
			name = Debug;
		};
		839DAD622E44AC2600FA59BD /* Release */ = {
			isa = XCBuildConfiguration;
			buildSettings = {
				ALWAYS_SEARCH_USER_PATHS = NO;
				ASSETCATALOG_COMPILER_GENERATE_SWIFT_ASSET_SYMBOL_EXTENSIONS = YES;
				CLANG_ANALYZER_LOCALIZABILITY_NONLOCALIZED = YES;
				CLANG_ANALYZER_NONNULL = YES;
				CLANG_ANALYZER_NUMBER_OBJECT_CONVERSION = YES_AGGRESSIVE;
				CLANG_CXX_LANGUAGE_STANDARD = "gnu++20";
				CLANG_ENABLE_MODULES = YES;
				CLANG_ENABLE_OBJC_ARC = YES;
				CLANG_ENABLE_OBJC_WEAK = YES;
				CLANG_WARN_BLOCK_CAPTURE_AUTORELEASING = YES;
				CLANG_WARN_BOOL_CONVERSION = YES;
				CLANG_WARN_COMMA = YES;
				CLANG_WARN_CONSTANT_CONVERSION = YES;
				CLANG_WARN_DEPRECATED_OBJC_IMPLEMENTATIONS = YES;
				CLANG_WARN_DIRECT_OBJC_ISA_USAGE = YES_ERROR;
				CLANG_WARN_DOCUMENTATION_COMMENTS = YES;
				CLANG_WARN_EMPTY_BODY = YES;
				CLANG_WARN_ENUM_CONVERSION = YES;
				CLANG_WARN_INFINITE_RECURSION = YES;
				CLANG_WARN_INT_CONVERSION = YES;
				CLANG_WARN_NON_LITERAL_NULL_CONVERSION = YES;
				CLANG_WARN_OBJC_IMPLICIT_RETAIN_SELF = YES;
				CLANG_WARN_OBJC_LITERAL_CONVERSION = YES;
				CLANG_WARN_OBJC_ROOT_CLASS = YES_ERROR;
				CLANG_WARN_QUOTED_INCLUDE_IN_FRAMEWORK_HEADER = YES;
				CLANG_WARN_RANGE_LOOP_ANALYSIS = YES;
				CLANG_WARN_STRICT_PROTOTYPES = YES;
				CLANG_WARN_SUSPICIOUS_MOVE = YES;
				CLANG_WARN_UNGUARDED_AVAILABILITY = YES_AGGRESSIVE;
				CLANG_WARN_UNREACHABLE_CODE = YES;
				CLANG_WARN__DUPLICATE_METHOD_MATCH = YES;
				COPY_PHASE_STRIP = NO;
				DEBUG_INFORMATION_FORMAT = "dwarf-with-dsym";
				ENABLE_NS_ASSERTIONS = NO;
				ENABLE_STRICT_OBJC_MSGSEND = YES;
				ENABLE_USER_SCRIPT_SANDBOXING = YES;
				GCC_C_LANGUAGE_STANDARD = gnu17;
				GCC_NO_COMMON_BLOCKS = YES;
				GCC_WARN_64_TO_32_BIT_CONVERSION = YES;
				GCC_WARN_ABOUT_RETURN_TYPE = YES_ERROR;
				GCC_WARN_UNDECLARED_SELECTOR = YES;
				GCC_WARN_UNINITIALIZED_AUTOS = YES_AGGRESSIVE;
				GCC_WARN_UNUSED_FUNCTION = YES;
				GCC_WARN_UNUSED_VARIABLE = YES;
				IPHONEOS_DEPLOYMENT_TARGET = 18.2;
				LOCALIZATION_PREFERS_STRING_CATALOGS = YES;
				MTL_ENABLE_DEBUG_INFO = NO;
				MTL_FAST_MATH = YES;
				SDKROOT = iphoneos;
				SWIFT_COMPILATION_MODE = wholemodule;
				VALIDATE_PRODUCT = YES;
			};
			name = Release;
		};
/* End XCBuildConfiguration section */

/* Begin XCConfigurationList section */
		839DAD462E44AC2500FA59BD /* Build configuration list for PBXProject "HR" */ = {
			isa = XCConfigurationList;
			buildConfigurations = (
				839DAD612E44AC2600FA59BD /* Debug */,
				839DAD622E44AC2600FA59BD /* Release */,
			);
			defaultConfigurationIsVisible = 0;
			defaultConfigurationName = Release;
		};
		839DAD5E2E44AC2600FA59BD /* Build configuration list for PBXNativeTarget "HR" */ = {
			isa = XCConfigurationList;
			buildConfigurations = (
				839DAD5F2E44AC2600FA59BD /* Debug */,
				839DAD602E44AC2600FA59BD /* Release */,
			);
			defaultConfigurationIsVisible = 0;
			defaultConfigurationName = Release;
		};
/* End XCConfigurationList section */

/* Begin XCRemoteSwiftPackageReference section */
		837A24C62F22193B002DB9D7 /* XCRemoteSwiftPackageReference "firebase-ios-sdk" */ = {
			isa = XCRemoteSwiftPackageReference;
			repositoryURL = "https://github.com/firebase/firebase-ios-sdk";
			requirement = {
				kind = upToNextMajorVersion;
				minimumVersion = 12.8.0;
			};
		};
		837A24F72F221950002DB9D7 /* XCRemoteSwiftPackageReference "FSCalendar" */ = {
			isa = XCRemoteSwiftPackageReference;
			repositoryURL = "https://github.com/WenchaoD/FSCalendar.git";
			requirement = {
				kind = upToNextMajorVersion;
				minimumVersion = 2.8.4;
			};
		};
/* End XCRemoteSwiftPackageReference section */

/* Begin XCSwiftPackageProductDependency section */
		837A24C72F22193B002DB9D7 /* FirebaseAI */ = {
			isa = XCSwiftPackageProductDependency;
			package = 837A24C62F22193B002DB9D7 /* XCRemoteSwiftPackageReference "firebase-ios-sdk" */;
			productName = FirebaseAI;
		};
		837A24C92F22193B002DB9D7 /* FirebaseAILogic */ = {
			isa = XCSwiftPackageProductDependency;
			package = 837A24C62F22193B002DB9D7 /* XCRemoteSwiftPackageReference "firebase-ios-sdk" */;
			productName = FirebaseAILogic;
		};
		837A24CB2F22193B002DB9D7 /* FirebaseAnalytics */ = {
			isa = XCSwiftPackageProductDependency;
			package = 837A24C62F22193B002DB9D7 /* XCRemoteSwiftPackageReference "firebase-ios-sdk" */;
			productName = FirebaseAnalytics;
		};
		837A24CD2F22193B002DB9D7 /* FirebaseAnalyticsCore */ = {
			isa = XCSwiftPackageProductDependency;
			package = 837A24C62F22193B002DB9D7 /* XCRemoteSwiftPackageReference "firebase-ios-sdk" */;
			productName = FirebaseAnalyticsCore;
		};
		837A24CF2F22193B002DB9D7 /* FirebaseAnalyticsIdentitySupport */ = {
			isa = XCSwiftPackageProductDependency;
			package = 837A24C62F22193B002DB9D7 /* XCRemoteSwiftPackageReference "firebase-ios-sdk" */;
			productName = FirebaseAnalyticsIdentitySupport;
		};
		837A24D12F22193B002DB9D7 /* FirebaseAppCheck */ = {
			isa = XCSwiftPackageProductDependency;
			package = 837A24C62F22193B002DB9D7 /* XCRemoteSwiftPackageReference "firebase-ios-sdk" */;
			productName = FirebaseAppCheck;
		};
		837A24D32F22193B002DB9D7 /* FirebaseAppDistribution-Beta */ = {
			isa = XCSwiftPackageProductDependency;
			package = 837A24C62F22193B002DB9D7 /* XCRemoteSwiftPackageReference "firebase-ios-sdk" */;
			productName = "FirebaseAppDistribution-Beta";
		};
		837A24D52F22193B002DB9D7 /* FirebaseAuth */ = {
			isa = XCSwiftPackageProductDependency;
			package = 837A24C62F22193B002DB9D7 /* XCRemoteSwiftPackageReference "firebase-ios-sdk" */;
			productName = FirebaseAuth;
		};
		837A24D72F22193B002DB9D7 /* FirebaseAuthCombine-Community */ = {
			isa = XCSwiftPackageProductDependency;
			package = 837A24C62F22193B002DB9D7 /* XCRemoteSwiftPackageReference "firebase-ios-sdk" */;
			productName = "FirebaseAuthCombine-Community";
		};
		837A24D92F22193B002DB9D7 /* FirebaseCore */ = {
			isa = XCSwiftPackageProductDependency;
			package = 837A24C62F22193B002DB9D7 /* XCRemoteSwiftPackageReference "firebase-ios-sdk" */;
			productName = FirebaseCore;
		};
		837A24DB2F22193B002DB9D7 /* FirebaseCrashlytics */ = {
			isa = XCSwiftPackageProductDependency;
			package = 837A24C62F22193B002DB9D7 /* XCRemoteSwiftPackageReference "firebase-ios-sdk" */;
			productName = FirebaseCrashlytics;
		};
		837A24DD2F22193B002DB9D7 /* FirebaseDatabase */ = {
			isa = XCSwiftPackageProductDependency;
			package = 837A24C62F22193B002DB9D7 /* XCRemoteSwiftPackageReference "firebase-ios-sdk" */;
			productName = FirebaseDatabase;
		};
		837A24DF2F22193B002DB9D7 /* FirebaseFirestore */ = {
			isa = XCSwiftPackageProductDependency;
			package = 837A24C62F22193B002DB9D7 /* XCRemoteSwiftPackageReference "firebase-ios-sdk" */;
			productName = FirebaseFirestore;
		};
		837A24E12F22193B002DB9D7 /* FirebaseFirestoreCombine-Community */ = {
			isa = XCSwiftPackageProductDependency;
			package = 837A24C62F22193B002DB9D7 /* XCRemoteSwiftPackageReference "firebase-ios-sdk" */;
			productName = "FirebaseFirestoreCombine-Community";
		};
		837A24E32F22193B002DB9D7 /* FirebaseFunctions */ = {
			isa = XCSwiftPackageProductDependency;
			package = 837A24C62F22193B002DB9D7 /* XCRemoteSwiftPackageReference "firebase-ios-sdk" */;
			productName = FirebaseFunctions;
		};
		837A24E52F22193B002DB9D7 /* FirebaseFunctionsCombine-Community */ = {
			isa = XCSwiftPackageProductDependency;
			package = 837A24C62F22193B002DB9D7 /* XCRemoteSwiftPackageReference "firebase-ios-sdk" */;
			productName = "FirebaseFunctionsCombine-Community";
		};
		837A24E72F22193B002DB9D7 /* FirebaseInAppMessaging-Beta */ = {
			isa = XCSwiftPackageProductDependency;
			package = 837A24C62F22193B002DB9D7 /* XCRemoteSwiftPackageReference "firebase-ios-sdk" */;
			productName = "FirebaseInAppMessaging-Beta";
		};
		837A24E92F22193B002DB9D7 /* FirebaseInstallations */ = {
			isa = XCSwiftPackageProductDependency;
			package = 837A24C62F22193B002DB9D7 /* XCRemoteSwiftPackageReference "firebase-ios-sdk" */;
			productName = FirebaseInstallations;
		};
		837A24EB2F22193B002DB9D7 /* FirebaseMLModelDownloader */ = {
			isa = XCSwiftPackageProductDependency;
			package = 837A24C62F22193B002DB9D7 /* XCRemoteSwiftPackageReference "firebase-ios-sdk" */;
			productName = FirebaseMLModelDownloader;
		};
		837A24ED2F22193B002DB9D7 /* FirebaseMessaging */ = {
			isa = XCSwiftPackageProductDependency;
			package = 837A24C62F22193B002DB9D7 /* XCRemoteSwiftPackageReference "firebase-ios-sdk" */;
			productName = FirebaseMessaging;
		};
		837A24EF2F22193B002DB9D7 /* FirebasePerformance */ = {
			isa = XCSwiftPackageProductDependency;
			package = 837A24C62F22193B002DB9D7 /* XCRemoteSwiftPackageReference "firebase-ios-sdk" */;
			productName = FirebasePerformance;
		};
		837A24F12F22193B002DB9D7 /* FirebaseRemoteConfig */ = {
			isa = XCSwiftPackageProductDependency;
			package = 837A24C62F22193B002DB9D7 /* XCRemoteSwiftPackageReference "firebase-ios-sdk" */;
			productName = FirebaseRemoteConfig;
		};
		837A24F32F22193B002DB9D7 /* FirebaseStorage */ = {
			isa = XCSwiftPackageProductDependency;
			package = 837A24C62F22193B002DB9D7 /* XCRemoteSwiftPackageReference "firebase-ios-sdk" */;
			productName = FirebaseStorage;
		};
		837A24F52F22193B002DB9D7 /* FirebaseStorageCombine-Community */ = {
			isa = XCSwiftPackageProductDependency;
			package = 837A24C62F22193B002DB9D7 /* XCRemoteSwiftPackageReference "firebase-ios-sdk" */;
			productName = "FirebaseStorageCombine-Community";
		};
		837A24F82F221950002DB9D7 /* FSCalendar */ = {
			isa = XCSwiftPackageProductDependency;
			package = 837A24F72F221950002DB9D7 /* XCRemoteSwiftPackageReference "FSCalendar" */;
			productName = FSCalendar;
		};
/* End XCSwiftPackageProductDependency section */
	};
	rootObject = 839DAD432E44AC2500FA59BD /* Project object */;
}
