// !$*UTF8*$!
{
	archiveVersion = 1;
	classes = {
	};
	objectVersion = 77;
	objects = {

/* Begin PBXBuildFile section */
		83EA85AF2ED842FC00FD3E0F /* FirebaseAI in Frameworks */ = {isa = PBXBuildFile; productRef = 83EA85AE2ED842FC00FD3E0F /* FirebaseAI */; };
		83EA85B12ED842FC00FD3E0F /* FirebaseAILogic in Frameworks */ = {isa = PBXBuildFile; productRef = 83EA85B02ED842FC00FD3E0F /* FirebaseAILogic */; };
		83EA85B32ED842FC00FD3E0F /* FirebaseAnalytics in Frameworks */ = {isa = PBXBuildFile; productRef = 83EA85B22ED842FC00FD3E0F /* FirebaseAnalytics */; };
		83EA85B52ED842FC00FD3E0F /* FirebaseAnalyticsCore in Frameworks */ = {isa = PBXBuildFile; productRef = 83EA85B42ED842FC00FD3E0F /* FirebaseAnalyticsCore */; };
		83EA85B72ED842FC00FD3E0F /* FirebaseAnalyticsIdentitySupport in Frameworks */ = {isa = PBXBuildFile; productRef = 83EA85B62ED842FC00FD3E0F /* FirebaseAnalyticsIdentitySupport */; };
		83EA85BC2ED8510F00FD3E0F /* FirebaseAI in Frameworks */ = {isa = PBXBuildFile; productRef = 83EA85BB2ED8510F00FD3E0F /* FirebaseAI */; };
		83EA85BE2ED8510F00FD3E0F /* FirebaseAILogic in Frameworks */ = {isa = PBXBuildFile; productRef = 83EA85BD2ED8510F00FD3E0F /* FirebaseAILogic */; };
		83EA85C02ED8510F00FD3E0F /* FirebaseAnalytics in Frameworks */ = {isa = PBXBuildFile; productRef = 83EA85BF2ED8510F00FD3E0F /* FirebaseAnalytics */; };
		83EA85C22ED8510F00FD3E0F /* FirebaseAnalyticsCore in Frameworks */ = {isa = PBXBuildFile; productRef = 83EA85C12ED8510F00FD3E0F /* FirebaseAnalyticsCore */; };
		83EA85C42ED8510F00FD3E0F /* FirebaseAnalyticsIdentitySupport in Frameworks */ = {isa = PBXBuildFile; productRef = 83EA85C32ED8510F00FD3E0F /* FirebaseAnalyticsIdentitySupport */; };
		83EA85C62ED8510F00FD3E0F /* FirebaseAppCheck in Frameworks */ = {isa = PBXBuildFile; productRef = 83EA85C52ED8510F00FD3E0F /* FirebaseAppCheck */; };
		83EA85C82ED8510F00FD3E0F /* FirebaseAppDistribution-Beta in Frameworks */ = {isa = PBXBuildFile; productRef = 83EA85C72ED8510F00FD3E0F /* FirebaseAppDistribution-Beta */; };
		83EA85CA2ED8510F00FD3E0F /* FirebaseAuth in Frameworks */ = {isa = PBXBuildFile; productRef = 83EA85C92ED8510F00FD3E0F /* FirebaseAuth */; };
		83EA85CC2ED8510F00FD3E0F /* FirebaseAuthCombine-Community in Frameworks */ = {isa = PBXBuildFile; productRef = 83EA85CB2ED8510F00FD3E0F /* FirebaseAuthCombine-Community */; };
		83EA85CE2ED8510F00FD3E0F /* FirebaseCore in Frameworks */ = {isa = PBXBuildFile; productRef = 83EA85CD2ED8510F00FD3E0F /* FirebaseCore */; };
		83EA85D02ED8510F00FD3E0F /* FirebaseCrashlytics in Frameworks */ = {isa = PBXBuildFile; productRef = 83EA85CF2ED8510F00FD3E0F /* FirebaseCrashlytics */; };
		83EA85D22ED8510F00FD3E0F /* FirebaseDatabase in Frameworks */ = {isa = PBXBuildFile; productRef = 83EA85D12ED8510F00FD3E0F /* FirebaseDatabase */; };
		83EA85D42ED8510F00FD3E0F /* FirebaseFirestore in Frameworks */ = {isa = PBXBuildFile; productRef = 83EA85D32ED8510F00FD3E0F /* FirebaseFirestore */; };
		83EA85D62ED8510F00FD3E0F /* FirebaseFirestoreCombine-Community in Frameworks */ = {isa = PBXBuildFile; productRef = 83EA85D52ED8510F00FD3E0F /* FirebaseFirestoreCombine-Community */; };
		83EA85D82ED8510F00FD3E0F /* FirebaseFunctions in Frameworks */ = {isa = PBXBuildFile; productRef = 83EA85D72ED8510F00FD3E0F /* FirebaseFunctions */; };
		83EA85DA2ED8510F00FD3E0F /* FirebaseFunctionsCombine-Community in Frameworks */ = {isa = PBXBuildFile; productRef = 83EA85D92ED8510F00FD3E0F /* FirebaseFunctionsCombine-Community */; };
		83EA85DC2ED8510F00FD3E0F /* FirebaseInAppMessaging-Beta in Frameworks */ = {isa = PBXBuildFile; productRef = 83EA85DB2ED8510F00FD3E0F /* FirebaseInAppMessaging-Beta */; };
		83EA85DE2ED8510F00FD3E0F /* FirebaseInstallations in Frameworks */ = {isa = PBXBuildFile; productRef = 83EA85DD2ED8510F00FD3E0F /* FirebaseInstallations */; };
		83EA85E02ED8510F00FD3E0F /* FirebaseMLModelDownloader in Frameworks */ = {isa = PBXBuildFile; productRef = 83EA85DF2ED8510F00FD3E0F /* FirebaseMLModelDownloader */; };
		83EA85E22ED8510F00FD3E0F /* FirebaseMessaging in Frameworks */ = {isa = PBXBuildFile; productRef = 83EA85E12ED8510F00FD3E0F /* FirebaseMessaging */; };
		83EA85E42ED8510F00FD3E0F /* FirebasePerformance in Frameworks */ = {isa = PBXBuildFile; productRef = 83EA85E32ED8510F00FD3E0F /* FirebasePerformance */; };
		83EA85E62ED8510F00FD3E0F /* FirebaseRemoteConfig in Frameworks */ = {isa = PBXBuildFile; productRef = 83EA85E52ED8510F00FD3E0F /* FirebaseRemoteConfig */; };
		83EA85E82ED8510F00FD3E0F /* FirebaseStorage in Frameworks */ = {isa = PBXBuildFile; productRef = 83EA85E72ED8510F00FD3E0F /* FirebaseStorage */; };
		83EA85EA2ED8510F00FD3E0F /* FirebaseStorageCombine-Community in Frameworks */ = {isa = PBXBuildFile; productRef = 83EA85E92ED8510F00FD3E0F /* FirebaseStorageCombine-Community */; };
		FA305A24DA09BF4983436683 /* Pods_HR.framework in Frameworks */ = {isa = PBXBuildFile; fileRef = 25D669F33A8A2B4F372F6C46 /* Pods_HR.framework */; };
/* End PBXBuildFile section */

/* Begin PBXFileReference section */
		25D669F33A8A2B4F372F6C46 /* Pods_HR.framework */ = {isa = PBXFileReference; explicitFileType = wrapper.framework; includeInIndex = 0; path = Pods_HR.framework; sourceTree = BUILT_PRODUCTS_DIR; };
		74B1124F53D19469CF92E293 /* Pods-HR.debug.xcconfig */ = {isa = PBXFileReference; includeInIndex = 1; lastKnownFileType = text.xcconfig; name = "Pods-HR.debug.xcconfig"; path = "Target Support Files/Pods-HR/Pods-HR.debug.xcconfig"; sourceTree = "<group>"; };
		839DAD4B2E44AC2500FA59BD /* HR.app */ = {isa = PBXFileReference; explicitFileType = wrapper.application; includeInIndex = 0; path = HR.app; sourceTree = BUILT_PRODUCTS_DIR; };
		E65749ED591179DD051D230F /* Pods-HR.release.xcconfig */ = {isa = PBXFileReference; includeInIndex = 1; lastKnownFileType = text.xcconfig; name = "Pods-HR.release.xcconfig"; path = "Target Support Files/Pods-HR/Pods-HR.release.xcconfig"; sourceTree = "<group>"; };
/* End PBXFileReference section */

/* Begin PBXFileSystemSynchronizedBuildFileExceptionSet section */
		839DAD5D2E44AC2600FA59BD /* Exceptions for "HR" folder in "HR" target */ = {
			isa = PBXFileSystemSynchronizedBuildFileExceptionSet;
			membershipExceptions = (
				Info.plist,
			);
			target = 839DAD4A2E44AC2500FA59BD /* HR */;
		};
/* End PBXFileSystemSynchronizedBuildFileExceptionSet section */

/* Begin PBXFileSystemSynchronizedRootGroup section */
		839DAD4D2E44AC2500FA59BD /* HR */ = {
			isa = PBXFileSystemSynchronizedRootGroup;
			exceptions = (
				839DAD5D2E44AC2600FA59BD /* Exceptions for "HR" folder in "HR" target */,
			);
			path = HR;
			sourceTree = "<group>";
		};
/* End PBXFileSystemSynchronizedRootGroup section */

/* Begin PBXFrameworksBuildPhase section */
		839DAD482E44AC2500FA59BD /* Frameworks */ = {
			isa = PBXFrameworksBuildPhase;
			buildActionMask = 2147483647;
			files = (
				83EA85BE2ED8510F00FD3E0F /* FirebaseAILogic in Frameworks */,
				83EA85BC2ED8510F00FD3E0F /* FirebaseAI in Frameworks */,
				83EA85E42ED8510F00FD3E0F /* FirebasePerformance in Frameworks */,
				83EA85E62ED8510F00FD3E0F /* FirebaseRemoteConfig in Frameworks */,
				83EA85B12ED842FC00FD3E0F /* FirebaseAILogic in Frameworks */,
				83EA85DE2ED8510F00FD3E0F /* FirebaseInstallations in Frameworks */,
				83EA85C82ED8510F00FD3E0F /* FirebaseAppDistribution-Beta in Frameworks */,
				83EA85D42ED8510F00FD3E0F /* FirebaseFirestore in Frameworks */,
				83EA85CC2ED8510F00FD3E0F /* FirebaseAuthCombine-Community in Frameworks */,
				83EA85E02ED8510F00FD3E0F /* FirebaseMLModelDownloader in Frameworks */,
				83EA85E22ED8510F00FD3E0F /* FirebaseMessaging in Frameworks */,
				83EA85E82ED8510F00FD3E0F /* FirebaseStorage in Frameworks */,
				FA305A24DA09BF4983436683 /* Pods_HR.framework in Frameworks */,
				83EA85D22ED8510F00FD3E0F /* FirebaseDatabase in Frameworks */,
				83EA85CE2ED8510F00FD3E0F /* FirebaseCore in Frameworks */,
				83EA85DA2ED8510F00FD3E0F /* FirebaseFunctionsCombine-Community in Frameworks */,
				83EA85DC2ED8510F00FD3E0F /* FirebaseInAppMessaging-Beta in Frameworks */,
				83EA85CA2ED8510F00FD3E0F /* FirebaseAuth in Frameworks */,
				83EA85C62ED8510F00FD3E0F /* FirebaseAppCheck in Frameworks */,
				83EA85B72ED842FC00FD3E0F /* FirebaseAnalyticsIdentitySupport in Frameworks */,
				83EA85B52ED842FC00FD3E0F /* FirebaseAnalyticsCore in Frameworks */,
				83EA85D62ED8510F00FD3E0F /* FirebaseFirestoreCombine-Community in Frameworks */,
				83EA85EA2ED8510F00FD3E0F /* FirebaseStorageCombine-Community in Frameworks */,
				83EA85B32ED842FC00FD3E0F /* FirebaseAnalytics in Frameworks */,
				83EA85D82ED8510F00FD3E0F /* FirebaseFunctions in Frameworks */,
				83EA85C22ED8510F00FD3E0F /* FirebaseAnalyticsCore in Frameworks */,
				83EA85D02ED8510F00FD3E0F /* FirebaseCrashlytics in Frameworks */,
				83EA85C42ED8510F00FD3E0F /* FirebaseAnalyticsIdentitySupport in Frameworks */,
				83EA85AF2ED842FC00FD3E0F /* FirebaseAI in Frameworks */,
				83EA85C02ED8510F00FD3E0F /* FirebaseAnalytics in Frameworks */,
			);
			runOnlyForDeploymentPostprocessing = 0;
		};
/* End PBXFrameworksBuildPhase section */

/* Begin PBXGroup section */
		528D212133801C65A0CAA57B /* Pods */ = {
			isa = PBXGroup;
			children = (
				74B1124F53D19469CF92E293 /* Pods-HR.debug.xcconfig */,
				E65749ED591179DD051D230F /* Pods-HR.release.xcconfig */,
			);
			path = Pods;
			sourceTree = "<group>";
		};
		782D044F231D5A62EEBA1AA0 /* Frameworks */ = {
			isa = PBXGroup;
			children = (
				25D669F33A8A2B4F372F6C46 /* Pods_HR.framework */,
			);
			name = Frameworks;
			sourceTree = "<group>";
		};
		839DAD422E44AC2500FA59BD = {
			isa = PBXGroup;
			children = (
				839DAD4D2E44AC2500FA59BD /* HR */,
				839DAD4C2E44AC2500FA59BD /* Products */,
				528D212133801C65A0CAA57B /* Pods */,
				782D044F231D5A62EEBA1AA0 /* Frameworks */,
			);
			sourceTree = "<group>";
		};
		839DAD4C2E44AC2500FA59BD /* Products */ = {
			isa = PBXGroup;
			children = (
				839DAD4B2E44AC2500FA59BD /* HR.app */,
			);
			name = Products;
			sourceTree = "<group>";
		};
/* End PBXGroup section */

/* Begin PBXNativeTarget section */
		839DAD4A2E44AC2500FA59BD /* HR */ = {
			isa = PBXNativeTarget;
			buildConfigurationList = 839DAD5E2E44AC2600FA59BD /* Build configuration list for PBXNativeTarget "HR" */;
			buildPhases = (
				2A7D1F02A2A46C7EEECCC0DD /* [CP] Check Pods Manifest.lock */,
				839DAD472E44AC2500FA59BD /* Sources */,
				839DAD482E44AC2500FA59BD /* Frameworks */,
				839DAD492E44AC2500FA59BD /* Resources */,
			);
			buildRules = (
			);
			dependencies = (
			);
			fileSystemSynchronizedGroups = (
				839DAD4D2E44AC2500FA59BD /* HR */,
			);
			name = HR;
			productName = HR;
			productReference = 839DAD4B2E44AC2500FA59BD /* HR.app */;
			productType = "com.apple.product-type.application";
		};
/* End PBXNativeTarget section */

/* Begin PBXProject section */
		839DAD432E44AC2500FA59BD /* Project object */ = {
			isa = PBXProject;
			attributes = {
				BuildIndependentTargetsInParallel = 1;
				LastSwiftUpdateCheck = 1620;
				LastUpgradeCheck = 1620;
				TargetAttributes = {
					839DAD4A2E44AC2500FA59BD = {
						CreatedOnToolsVersion = 16.2;
					};
				};
			};
			buildConfigurationList = 839DAD462E44AC2500FA59BD /* Build configuration list for PBXProject "HR" */;
			developmentRegion = en;
			hasScannedForEncodings = 0;
			knownRegions = (
				en,
				Base,
				ar,
			);
			mainGroup = 839DAD422E44AC2500FA59BD;
			minimizedProjectReferenceProxies = 1;
			packageReferences = (
				83EA85AD2ED841BA00FD3E0F /* XCRemoteSwiftPackageReference "firebase-ios-sdk" */,
			);
			preferredProjectObjectVersion = 77;
			productRefGroup = 839DAD4C2E44AC2500FA59BD /* Products */;
			projectDirPath = "";
			projectRoot = "";
			targets = (
				839DAD4A2E44AC2500FA59BD /* HR */,
			);
		};
/* End PBXProject section */

/* Begin PBXResourcesBuildPhase section */
		839DAD492E44AC2500FA59BD /* Resources */ = {
			isa = PBXResourcesBuildPhase;
			buildActionMask = 2147483647;
			files = (
			);
			runOnlyForDeploymentPostprocessing = 0;
		};
/* End PBXResourcesBuildPhase section */

/* Begin PBXShellScriptBuildPhase section */
		2A7D1F02A2A46C7EEECCC0DD /* [CP] Check Pods Manifest.lock */ = {
			isa = PBXShellScriptBuildPhase;
			buildActionMask = 2147483647;
			files = (
			);
			inputFileListPaths = (
			);
			inputPaths = (
				"${PODS_PODFILE_DIR_PATH}/Podfile.lock",
				"${PODS_ROOT}/Manifest.lock",
			);
			name = "[CP] Check Pods Manifest.lock";
			outputFileListPaths = (
			);
			outputPaths = (
				"$(DERIVED_FILE_DIR)/Pods-HR-checkManifestLockResult.txt",
			);
			runOnlyForDeploymentPostprocessing = 0;
			shellPath = /bin/sh;
			shellScript = "diff \"${PODS_PODFILE_DIR_PATH}/Podfile.lock\" \"${PODS_ROOT}/Manifest.lock\" > /dev/null\nif [ $? != 0 ] ; then\n    # print error to STDERR\n    echo \"error: The sandbox is not in sync with the Podfile.lock. Run 'pod install' or update your CocoaPods installation.\" >&2\n    exit 1\nfi\n# This output is used by Xcode 'outputs' to avoid re-running this script phase.\necho \"SUCCESS\" > \"${SCRIPT_OUTPUT_FILE_0}\"\n";
			showEnvVarsInLog = 0;
		};
/* End PBXShellScriptBuildPhase section */

/* Begin PBXSourcesBuildPhase section */
		839DAD472E44AC2500FA59BD /* Sources */ = {
			isa = PBXSourcesBuildPhase;
			buildActionMask = 2147483647;
			files = (
			);
			runOnlyForDeploymentPostprocessing = 0;
		};
/* End PBXSourcesBuildPhase section */

/* Begin XCBuildConfiguration section */
		839DAD5F2E44AC2600FA59BD /* Debug */ = {
			isa = XCBuildConfiguration;
			baseConfigurationReference = 74B1124F53D19469CF92E293 /* Pods-HR.debug.xcconfig */;
			buildSettings = {
				ASSETCATALOG_COMPILER_APPICON_NAME = AppIcon;
				ASSETCATALOG_COMPILER_GLOBAL_ACCENT_COLOR_NAME = AccentColor;
				CODE_SIGN_ENTITLEMENTS = HR/HR.entitlements;
				CODE_SIGN_IDENTITY = "Apple Development";
				CODE_SIGN_STYLE = Automatic;
				CURRENT_PROJECT_VERSION = 5;
				DEVELOPMENT_TEAM = 524P497MGB;
				GENERATE_INFOPLIST_FILE = YES;
				INFOPLIST_FILE = HR/Info.plist;
				INFOPLIST_KEY_CFBundleDisplayName = "Inspire HR";
				INFOPLIST_KEY_LSSupportsOpeningDocumentsInPlace = YES;
				INFOPLIST_KEY_NSCameraUsageDescription = "This app requires access to your camera to capture photos for attendance verification.";
				INFOPLIST_KEY_NSFaceIDUsageDescription = "We use Face ID / Touch ID to quickly and securely log you in.";
				INFOPLIST_KEY_NSLocationAlwaysAndWhenInUseUsageDescription = "We need your location to record check-in and check-out.";
				INFOPLIST_KEY_NSLocationWhenInUseUsageDescription = "We need your location to record check-in and check-out.";
				INFOPLIST_KEY_NSPhotoLibraryUsageDescription = "This app requires access to your photo library to select and upload profile pictures or attachments.";
				INFOPLIST_KEY_UIApplicationSupportsIndirectInputEvents = YES;
				INFOPLIST_KEY_UILaunchStoryboardName = LaunchScreen;
				INFOPLIST_KEY_UIMainStoryboardFile = Main;
				INFOPLIST_KEY_UISupportedInterfaceOrientations_iPad = "UIInterfaceOrientationPortrait UIInterfaceOrientationPortraitUpsideDown UIInterfaceOrientationLandscapeLeft UIInterfaceOrientationLandscapeRight";
				INFOPLIST_KEY_UISupportedInterfaceOrientations_iPhone = "UIInterfaceOrientationPortrait UIInterfaceOrientationLandscapeLeft UIInterfaceOrientationLandscapeRight";
				IPHONEOS_DEPLOYMENT_TARGET = 15.6;
				LD_RUNPATH_SEARCH_PATHS = (
					"$(inherited)",
					"@executable_path/Frameworks",
				);
				MARKETING_VERSION = 1.4;
				PRODUCT_BUNDLE_IDENTIFIER = com.inspirehub.esterHR;
				PRODUCT_NAME = "$(TARGET_NAME)";
				PROVISIONING_PROFILE_SPECIFIER = "";
				SWIFT_EMIT_LOC_STRINGS = YES;
				SWIFT_VERSION = 5.0;
				TARGETED_DEVICE_FAMILY = "1,2";
			};
			name = Debug;
		};
		839DAD602E44AC2600FA59BD /* Release */ = {
			isa = XCBuildConfiguration;
			baseConfigurationReference = E65749ED591179DD051D230F /* Pods-HR.release.xcconfig */;
			buildSettings = {
				ASSETCATALOG_COMPILER_APPICON_NAME = AppIcon;
				ASSETCATALOG_COMPILER_GLOBAL_ACCENT_COLOR_NAME = AccentColor;
				CODE_SIGN_ENTITLEMENTS = HR/HR.entitlements;
				CODE_SIGN_IDENTITY = "Apple Development";
				CODE_SIGN_STYLE = Automatic;
				CURRENT_PROJECT_VERSION = 5;
				DEVELOPMENT_TEAM = 524P497MGB;
				GENERATE_INFOPLIST_FILE = YES;
				INFOPLIST_FILE = HR/Info.plist;
				INFOPLIST_KEY_CFBundleDisplayName = "Inspire HR";
				INFOPLIST_KEY_LSSupportsOpeningDocumentsInPlace = YES;
				INFOPLIST_KEY_NSCameraUsageDescription = "This app requires access to your camera to capture photos for attendance verification.";
				INFOPLIST_KEY_NSFaceIDUsageDescription = "We use Face ID / Touch ID to quickly and securely log you in.";
				INFOPLIST_KEY_NSLocationAlwaysAndWhenInUseUsageDescription = "We need your location to record check-in and check-out.";
				INFOPLIST_KEY_NSLocationWhenInUseUsageDescription = "We need your location to record check-in and check-out.";
				INFOPLIST_KEY_NSPhotoLibraryUsageDescription = "This app requires access to your photo library to select and upload profile pictures or attachments.";
				INFOPLIST_KEY_UIApplicationSupportsIndirectInputEvents = YES;
				INFOPLIST_KEY_UILaunchStoryboardName = LaunchScreen;
				INFOPLIST_KEY_UIMainStoryboardFile = Main;
				INFOPLIST_KEY_UISupportedInterfaceOrientations_iPad = "UIInterfaceOrientationPortrait UIInterfaceOrientationPortraitUpsideDown UIInterfaceOrientationLandscapeLeft UIInterfaceOrientationLandscapeRight";
				INFOPLIST_KEY_UISupportedInterfaceOrientations_iPhone = "UIInterfaceOrientationPortrait UIInterfaceOrientationLandscapeLeft UIInterfaceOrientationLandscapeRight";
				IPHONEOS_DEPLOYMENT_TARGET = 15.6;
				LD_RUNPATH_SEARCH_PATHS = (
					"$(inherited)",
					"@executable_path/Frameworks",
				);
				MARKETING_VERSION = 1.4;
				PRODUCT_BUNDLE_IDENTIFIER = com.inspirehub.esterHR;
				PRODUCT_NAME = "$(TARGET_NAME)";
				PROVISIONING_PROFILE_SPECIFIER = "";
				SWIFT_EMIT_LOC_STRINGS = YES;
				SWIFT_VERSION = 5.0;
				TARGETED_DEVICE_FAMILY = "1,2";
			};
			name = Release;
		};
		839DAD612E44AC2600FA59BD /* Debug */ = {
			isa = XCBuildConfiguration;
			buildSettings = {
				ALWAYS_SEARCH_USER_PATHS = NO;
				ASSETCATALOG_COMPILER_GENERATE_SWIFT_ASSET_SYMBOL_EXTENSIONS = YES;
				CLANG_ANALYZER_LOCALIZABILITY_NONLOCALIZED = YES;
				CLANG_ANALYZER_NONNULL = YES;
				CLANG_ANALYZER_NUMBER_OBJECT_CONVERSION = YES_AGGRESSIVE;
				CLANG_CXX_LANGUAGE_STANDARD = "gnu++20";
				CLANG_ENABLE_MODULES = YES;
				CLANG_ENABLE_OBJC_ARC = YES;
				CLANG_ENABLE_OBJC_WEAK = YES;
				CLANG_WARN_BLOCK_CAPTURE_AUTORELEASING = YES;
				CLANG_WARN_BOOL_CONVERSION = YES;
				CLANG_WARN_COMMA = YES;
				CLANG_WARN_CONSTANT_CONVERSION = YES;
				CLANG_WARN_DEPRECATED_OBJC_IMPLEMENTATIONS = YES;
				CLANG_WARN_DIRECT_OBJC_ISA_USAGE = YES_ERROR;
				CLANG_WARN_DOCUMENTATION_COMMENTS = YES;
				CLANG_WARN_EMPTY_BODY = YES;
				CLANG_WARN_ENUM_CONVERSION = YES;
				CLANG_WARN_INFINITE_RECURSION = YES;
				CLANG_WARN_INT_CONVERSION = YES;
				CLANG_WARN_NON_LITERAL_NULL_CONVERSION = YES;
				CLANG_WARN_OBJC_IMPLICIT_RETAIN_SELF = YES;
				CLANG_WARN_OBJC_LITERAL_CONVERSION = YES;
				CLANG_WARN_OBJC_ROOT_CLASS = YES_ERROR;
				CLANG_WARN_QUOTED_INCLUDE_IN_FRAMEWORK_HEADER = YES;
				CLANG_WARN_RANGE_LOOP_ANALYSIS = YES;
				CLANG_WARN_STRICT_PROTOTYPES = YES;
				CLANG_WARN_SUSPICIOUS_MOVE = YES;
				CLANG_WARN_UNGUARDED_AVAILABILITY = YES_AGGRESSIVE;
				CLANG_WARN_UNREACHABLE_CODE = YES;
				CLANG_WARN__DUPLICATE_METHOD_MATCH = YES;
				COPY_PHASE_STRIP = NO;
				DEBUG_INFORMATION_FORMAT = dwarf;
				ENABLE_STRICT_OBJC_MSGSEND = YES;
				ENABLE_TESTABILITY = YES;
				ENABLE_USER_SCRIPT_SANDBOXING = YES;
				GCC_C_LANGUAGE_STANDARD = gnu17;
				GCC_DYNAMIC_NO_PIC = NO;
				GCC_NO_COMMON_BLOCKS = YES;
				GCC_OPTIMIZATION_LEVEL = 0;
				GCC_PREPROCESSOR_DEFINITIONS = (
					"DEBUG=1",
					"$(inherited)",
				);
				GCC_WARN_64_TO_32_BIT_CONVERSION = YES;
				GCC_WARN_ABOUT_RETURN_TYPE = YES_ERROR;
				GCC_WARN_UNDECLARED_SELECTOR = YES;
				GCC_WARN_UNINITIALIZED_AUTOS = YES_AGGRESSIVE;
				GCC_WARN_UNUSED_FUNCTION = YES;
				GCC_WARN_UNUSED_VARIABLE = YES;
				IPHONEOS_DEPLOYMENT_TARGET = 18.2;
				LOCALIZATION_PREFERS_STRING_CATALOGS = YES;
				MTL_ENABLE_DEBUG_INFO = INCLUDE_SOURCE;
				MTL_FAST_MATH = YES;
				ONLY_ACTIVE_ARCH = YES;
				SDKROOT = iphoneos;
				SWIFT_ACTIVE_COMPILATION_CONDITIONS = "DEBUG $(inherited)";
				SWIFT_OPTIMIZATION_LEVEL = "-Onone";
			};
			name = Debug;
		};
		839DAD622E44AC2600FA59BD /* Release */ = {
			isa = XCBuildConfiguration;
			buildSettings = {
				ALWAYS_SEARCH_USER_PATHS = NO;
				ASSETCATALOG_COMPILER_GENERATE_SWIFT_ASSET_SYMBOL_EXTENSIONS = YES;
				CLANG_ANALYZER_LOCALIZABILITY_NONLOCALIZED = YES;
				CLANG_ANALYZER_NONNULL = YES;
				CLANG_ANALYZER_NUMBER_OBJECT_CONVERSION = YES_AGGRESSIVE;
				CLANG_CXX_LANGUAGE_STANDARD = "gnu++20";
				CLANG_ENABLE_MODULES = YES;
				CLANG_ENABLE_OBJC_ARC = YES;
				CLANG_ENABLE_OBJC_WEAK = YES;
				CLANG_WARN_BLOCK_CAPTURE_AUTORELEASING = YES;
				CLANG_WARN_BOOL_CONVERSION = YES;
				CLANG_WARN_COMMA = YES;
				CLANG_WARN_CONSTANT_CONVERSION = YES;
				CLANG_WARN_DEPRECATED_OBJC_IMPLEMENTATIONS = YES;
				CLANG_WARN_DIRECT_OBJC_ISA_USAGE = YES_ERROR;
				CLANG_WARN_DOCUMENTATION_COMMENTS = YES;
				CLANG_WARN_EMPTY_BODY = YES;
				CLANG_WARN_ENUM_CONVERSION = YES;
				CLANG_WARN_INFINITE_RECURSION = YES;
				CLANG_WARN_INT_CONVERSION = YES;
				CLANG_WARN_NON_LITERAL_NULL_CONVERSION = YES;
				CLANG_WARN_OBJC_IMPLICIT_RETAIN_SELF = YES;
				CLANG_WARN_OBJC_LITERAL_CONVERSION = YES;
				CLANG_WARN_OBJC_ROOT_CLASS = YES_ERROR;
				CLANG_WARN_QUOTED_INCLUDE_IN_FRAMEWORK_HEADER = YES;
				CLANG_WARN_RANGE_LOOP_ANALYSIS = YES;
				CLANG_WARN_STRICT_PROTOTYPES = YES;
				CLANG_WARN_SUSPICIOUS_MOVE = YES;
				CLANG_WARN_UNGUARDED_AVAILABILITY = YES_AGGRESSIVE;
				CLANG_WARN_UNREACHABLE_CODE = YES;
				CLANG_WARN__DUPLICATE_METHOD_MATCH = YES;
				COPY_PHASE_STRIP = NO;
				DEBUG_INFORMATION_FORMAT = "dwarf-with-dsym";
				ENABLE_NS_ASSERTIONS = NO;
				ENABLE_STRICT_OBJC_MSGSEND = YES;
				ENABLE_USER_SCRIPT_SANDBOXING = YES;
				GCC_C_LANGUAGE_STANDARD = gnu17;
				GCC_NO_COMMON_BLOCKS = YES;
				GCC_WARN_64_TO_32_BIT_CONVERSION = YES;
				GCC_WARN_ABOUT_RETURN_TYPE = YES_ERROR;
				GCC_WARN_UNDECLARED_SELECTOR = YES;
				GCC_WARN_UNINITIALIZED_AUTOS = YES_AGGRESSIVE;
				GCC_WARN_UNUSED_FUNCTION = YES;
				GCC_WARN_UNUSED_VARIABLE = YES;
				IPHONEOS_DEPLOYMENT_TARGET = 18.2;
				LOCALIZATION_PREFERS_STRING_CATALOGS = YES;
				MTL_ENABLE_DEBUG_INFO = NO;
				MTL_FAST_MATH = YES;
				SDKROOT = iphoneos;
				SWIFT_COMPILATION_MODE = wholemodule;
				VALIDATE_PRODUCT = YES;
			};
			name = Release;
		};
/* End XCBuildConfiguration section */

/* Begin XCConfigurationList section */
		839DAD462E44AC2500FA59BD /* Build configuration list for PBXProject "HR" */ = {
			isa = XCConfigurationList;
			buildConfigurations = (
				839DAD612E44AC2600FA59BD /* Debug */,
				839DAD622E44AC2600FA59BD /* Release */,
			);
			defaultConfigurationIsVisible = 0;
			defaultConfigurationName = Release;
		};
		839DAD5E2E44AC2600FA59BD /* Build configuration list for PBXNativeTarget "HR" */ = {
			isa = XCConfigurationList;
			buildConfigurations = (
				839DAD5F2E44AC2600FA59BD /* Debug */,
				839DAD602E44AC2600FA59BD /* Release */,
			);
			defaultConfigurationIsVisible = 0;
			defaultConfigurationName = Release;
		};
/* End XCConfigurationList section */

/* Begin XCRemoteSwiftPackageReference section */
		83EA85AD2ED841BA00FD3E0F /* XCRemoteSwiftPackageReference "firebase-ios-sdk" */ = {
			isa = XCRemoteSwiftPackageReference;
			repositoryURL = "https://github.com/firebase/firebase-ios-sdk";
			requirement = {
				kind = upToNextMajorVersion;
				minimumVersion = 12.6.0;
			};
		};
/* End XCRemoteSwiftPackageReference section */

/* Begin XCSwiftPackageProductDependency section */
		83EA85AE2ED842FC00FD3E0F /* FirebaseAI */ = {
			isa = XCSwiftPackageProductDependency;
			package = 83EA85AD2ED841BA00FD3E0F /* XCRemoteSwiftPackageReference "firebase-ios-sdk" */;
			productName = FirebaseAI;
		};
		83EA85B02ED842FC00FD3E0F /* FirebaseAILogic */ = {
			isa = XCSwiftPackageProductDependency;
			package = 83EA85AD2ED841BA00FD3E0F /* XCRemoteSwiftPackageReference "firebase-ios-sdk" */;
			productName = FirebaseAILogic;
		};
		83EA85B22ED842FC00FD3E0F /* FirebaseAnalytics */ = {
			isa = XCSwiftPackageProductDependency;
			package = 83EA85AD2ED841BA00FD3E0F /* XCRemoteSwiftPackageReference "firebase-ios-sdk" */;
			productName = FirebaseAnalytics;
		};
		83EA85B42ED842FC00FD3E0F /* FirebaseAnalyticsCore */ = {
			isa = XCSwiftPackageProductDependency;
			package = 83EA85AD2ED841BA00FD3E0F /* XCRemoteSwiftPackageReference "firebase-ios-sdk" */;
			productName = FirebaseAnalyticsCore;
		};
		83EA85B62ED842FC00FD3E0F /* FirebaseAnalyticsIdentitySupport */ = {
			isa = XCSwiftPackageProductDependency;
			package = 83EA85AD2ED841BA00FD3E0F /* XCRemoteSwiftPackageReference "firebase-ios-sdk" */;
			productName = FirebaseAnalyticsIdentitySupport;
		};
		83EA85BB2ED8510F00FD3E0F /* FirebaseAI */ = {
			isa = XCSwiftPackageProductDependency;
			package = 83EA85AD2ED841BA00FD3E0F /* XCRemoteSwiftPackageReference "firebase-ios-sdk" */;
			productName = FirebaseAI;
		};
		83EA85BD2ED8510F00FD3E0F /* FirebaseAILogic */ = {
			isa = XCSwiftPackageProductDependency;
			package = 83EA85AD2ED841BA00FD3E0F /* XCRemoteSwiftPackageReference "firebase-ios-sdk" */;
			productName = FirebaseAILogic;
		};
		83EA85BF2ED8510F00FD3E0F /* FirebaseAnalytics */ = {
			isa = XCSwiftPackageProductDependency;
			package = 83EA85AD2ED841BA00FD3E0F /* XCRemoteSwiftPackageReference "firebase-ios-sdk" */;
			productName = FirebaseAnalytics;
		};
		83EA85C12ED8510F00FD3E0F /* FirebaseAnalyticsCore */ = {
			isa = XCSwiftPackageProductDependency;
			package = 83EA85AD2ED841BA00FD3E0F /* XCRemoteSwiftPackageReference "firebase-ios-sdk" */;
			productName = FirebaseAnalyticsCore;
		};
		83EA85C32ED8510F00FD3E0F /* FirebaseAnalyticsIdentitySupport */ = {
			isa = XCSwiftPackageProductDependency;
			package = 83EA85AD2ED841BA00FD3E0F /* XCRemoteSwiftPackageReference "firebase-ios-sdk" */;
			productName = FirebaseAnalyticsIdentitySupport;
		};
		83EA85C52ED8510F00FD3E0F /* FirebaseAppCheck */ = {
			isa = XCSwiftPackageProductDependency;
			package = 83EA85AD2ED841BA00FD3E0F /* XCRemoteSwiftPackageReference "firebase-ios-sdk" */;
			productName = FirebaseAppCheck;
		};
		83EA85C72ED8510F00FD3E0F /* FirebaseAppDistribution-Beta */ = {
			isa = XCSwiftPackageProductDependency;
			package = 83EA85AD2ED841BA00FD3E0F /* XCRemoteSwiftPackageReference "firebase-ios-sdk" */;
			productName = "FirebaseAppDistribution-Beta";
		};
		83EA85C92ED8510F00FD3E0F /* FirebaseAuth */ = {
			isa = XCSwiftPackageProductDependency;
			package = 83EA85AD2ED841BA00FD3E0F /* XCRemoteSwiftPackageReference "firebase-ios-sdk" */;
			productName = FirebaseAuth;
		};
		83EA85CB2ED8510F00FD3E0F /* FirebaseAuthCombine-Community */ = {
			isa = XCSwiftPackageProductDependency;
			package = 83EA85AD2ED841BA00FD3E0F /* XCRemoteSwiftPackageReference "firebase-ios-sdk" */;
			productName = "FirebaseAuthCombine-Community";
		};
		83EA85CD2ED8510F00FD3E0F /* FirebaseCore */ = {
			isa = XCSwiftPackageProductDependency;
			package = 83EA85AD2ED841BA00FD3E0F /* XCRemoteSwiftPackageReference "firebase-ios-sdk" */;
			productName = FirebaseCore;
		};
		83EA85CF2ED8510F00FD3E0F /* FirebaseCrashlytics */ = {
			isa = XCSwiftPackageProductDependency;
			package = 83EA85AD2ED841BA00FD3E0F /* XCRemoteSwiftPackageReference "firebase-ios-sdk" */;
			productName = FirebaseCrashlytics;
		};
		83EA85D12ED8510F00FD3E0F /* FirebaseDatabase */ = {
			isa = XCSwiftPackageProductDependency;
			package = 83EA85AD2ED841BA00FD3E0F /* XCRemoteSwiftPackageReference "firebase-ios-sdk" */;
			productName = FirebaseDatabase;
		};
		83EA85D32ED8510F00FD3E0F /* FirebaseFirestore */ = {
			isa = XCSwiftPackageProductDependency;
			package = 83EA85AD2ED841BA00FD3E0F /* XCRemoteSwiftPackageReference "firebase-ios-sdk" */;
			productName = FirebaseFirestore;
		};
		83EA85D52ED8510F00FD3E0F /* FirebaseFirestoreCombine-Community */ = {
			isa = XCSwiftPackageProductDependency;
			package = 83EA85AD2ED841BA00FD3E0F /* XCRemoteSwiftPackageReference "firebase-ios-sdk" */;
			productName = "FirebaseFirestoreCombine-Community";
		};
		83EA85D72ED8510F00FD3E0F /* FirebaseFunctions */ = {
			isa = XCSwiftPackageProductDependency;
			package = 83EA85AD2ED841BA00FD3E0F /* XCRemoteSwiftPackageReference "firebase-ios-sdk" */;
			productName = FirebaseFunctions;
		};
		83EA85D92ED8510F00FD3E0F /* FirebaseFunctionsCombine-Community */ = {
			isa = XCSwiftPackageProductDependency;
			package = 83EA85AD2ED841BA00FD3E0F /* XCRemoteSwiftPackageReference "firebase-ios-sdk" */;
			productName = "FirebaseFunctionsCombine-Community";
		};
		83EA85DB2ED8510F00FD3E0F /* FirebaseInAppMessaging-Beta */ = {
			isa = XCSwiftPackageProductDependency;
			package = 83EA85AD2ED841BA00FD3E0F /* XCRemoteSwiftPackageReference "firebase-ios-sdk" */;
			productName = "FirebaseInAppMessaging-Beta";
		};
		83EA85DD2ED8510F00FD3E0F /* FirebaseInstallations */ = {
			isa = XCSwiftPackageProductDependency;
			package = 83EA85AD2ED841BA00FD3E0F /* XCRemoteSwiftPackageReference "firebase-ios-sdk" */;
			productName = FirebaseInstallations;
		};
		83EA85DF2ED8510F00FD3E0F /* FirebaseMLModelDownloader */ = {
			isa = XCSwiftPackageProductDependency;
			package = 83EA85AD2ED841BA00FD3E0F /* XCRemoteSwiftPackageReference "firebase-ios-sdk" */;
			productName = FirebaseMLModelDownloader;
		};
		83EA85E12ED8510F00FD3E0F /* FirebaseMessaging */ = {
			isa = XCSwiftPackageProductDependency;
			package = 83EA85AD2ED841BA00FD3E0F /* XCRemoteSwiftPackageReference "firebase-ios-sdk" */;
			productName = FirebaseMessaging;
		};
		83EA85E32ED8510F00FD3E0F /* FirebasePerformance */ = {
			isa = XCSwiftPackageProductDependency;
			package = 83EA85AD2ED841BA00FD3E0F /* XCRemoteSwiftPackageReference "firebase-ios-sdk" */;
			productName = FirebasePerformance;
		};
		83EA85E52ED8510F00FD3E0F /* FirebaseRemoteConfig */ = {
			isa = XCSwiftPackageProductDependency;
			package = 83EA85AD2ED841BA00FD3E0F /* XCRemoteSwiftPackageReference "firebase-ios-sdk" */;
			productName = FirebaseRemoteConfig;
		};
		83EA85E72ED8510F00FD3E0F /* FirebaseStorage */ = {
			isa = XCSwiftPackageProductDependency;
			package = 83EA85AD2ED841BA00FD3E0F /* XCRemoteSwiftPackageReference "firebase-ios-sdk" */;
			productName = FirebaseStorage;
		};
		83EA85E92ED8510F00FD3E0F /* FirebaseStorageCombine-Community */ = {
			isa = XCSwiftPackageProductDependency;
			package = 83EA85AD2ED841BA00FD3E0F /* XCRemoteSwiftPackageReference "firebase-ios-sdk" */;
			productName = "FirebaseStorageCombine-Community";
		};
/* End XCSwiftPackageProductDependency section */
	};
	rootObject = 839DAD432E44AC2500FA59BD /* Project object */;
}
